
Microsoft Visual Studio Solution File, Format Version 12.00
# Visual Studio Version 16
VisualStudioVersion = 16.0.30517.126
MinimumVisualStudioVersion = 10.0.40219.1
Project("{FAE04EC0-301F-11D3-BF4B-00C04F79EFBC}") = "ConsoleApp1", "ConsoleApp1\ConsoleApp1.csproj", "{15C2ADDF-9049-4199-84A7-58D5032C7C10}"
EndProject
Global
	GlobalSection(SolutionConfigurationPlatforms) = preSolution
		Debug|Any CPU = Debug|Any CPU
		Release|Any CPU = Release|Any CPU
	EndGlobalSection
	GlobalSection(ProjectConfigurationPlatforms) = postSolution
		{15C2ADDF-9049-4199-84A7-58D5032C7C10}.Debug|Any CPU.ActiveCfg = Debug|Any CPU
		{15C2ADDF-9049-4199-84A7-58D5032C7C10}.Debug|Any CPU.Build.0 = Debug|Any CPU
		{15C2ADDF-9049-4199-84A7-58D5032C7C10}.Release|Any CPU.ActiveCfg = Release|Any CPU
		{15C2ADDF-9049-4199-84A7-58D5032C7C10}.Release|Any CPU.Build.0 = Release|Any CPU
	EndGlobalSection
	GlobalSection(SolutionProperties) = preSolution
		HideSolutionNode = FALSE
	EndGlobalSection
	GlobalSection(ExtensibilityGlobals) = postSolution
		SolutionGuid = {CA0E6A86-B558-4C89-B39A-F348C29BA829}
	EndGlobalSection
EndGlobal
